// !$*UTF8*$!
{
	archiveVersion = 1;
	classes = {
	};
	objectVersion = 46;
	objects = {

/* Begin PBXBuildFile section */
		6302C73D22CB8A9200346552 /* BCHDWEntryDetailController.m in Sources */ = {isa = PBXBuildFile; fileRef = 6302C73C22CB8A9200346552 /* BCHDWEntryDetailController.m */; };
		6302C74022CB8E3500346552 /* BCHDWMetaDataTableViewCell.m in Sources */ = {isa = PBXBuildFile; fileRef = 6302C73F22CB8E3500346552 /* BCHDWMetaDataTableViewCell.m */; };
		6302C74322CB92B900346552 /* BCHDWBannerView.m in Sources */ = {isa = PBXBuildFile; fileRef = 6302C74222CB92B900346552 /* BCHDWBannerView.m */; };
		6302C74622CC116500346552 /* BCHDWBackgroundView.m in Sources */ = {isa = PBXBuildFile; fileRef = 6302C74522CC116500346552 /* BCHDWBackgroundView.m */; };
		6302C74922CD973C00346552 /* BCHDWCommentTableViewCell.m in Sources */ = {isa = PBXBuildFile; fileRef = 6302C74822CD973C00346552 /* BCHDWCommentTableViewCell.m */; };
		6302C74C22D0CC4C00346552 /* NSString+DreamBalloon.m in Sources */ = {isa = PBXBuildFile; fileRef = 6302C74B22D0CC4C00346552 /* NSString+DreamBalloon.m */; };
		6302C74F22D0F13000346552 /* BCHDWHTMLHelper.m in Sources */ = {isa = PBXBuildFile; fileRef = 6302C74E22D0F13000346552 /* BCHDWHTMLHelper.m */; };
		6302C75222D1264500346552 /* BCHDWEntryContentTableViewCell.m in Sources */ = {isa = PBXBuildFile; fileRef = 6302C75122D1264500346552 /* BCHDWEntryContentTableViewCell.m */; };
		6302C75522D2884600346552 /* BCHDWUserStringHelper.m in Sources */ = {isa = PBXBuildFile; fileRef = 6302C75422D2884600346552 /* BCHDWUserStringHelper.m */; };
		6302C75822D36EC600346552 /* BCHDWComposeReplyViewController.m in Sources */ = {isa = PBXBuildFile; fileRef = 6302C75722D36EC600346552 /* BCHDWComposeReplyViewController.m */; };
		6302C75C22D7746700346552 /* BCHDWCommentEntryData.m in Sources */ = {isa = PBXBuildFile; fileRef = 6302C75B22D7746700346552 /* BCHDWCommentEntryData.m */; };
		6302C75F22D8B4D200346552 /* BCHDWFormData.m in Sources */ = {isa = PBXBuildFile; fileRef = 6302C75E22D8B4D200346552 /* BCHDWFormData.m */; };
		631FA59422C7AEF400FA83C8 /* Dreamwidth.xcdatamodeld in Sources */ = {isa = PBXBuildFile; fileRef = 631FA59222C7AEF400FA83C8 /* Dreamwidth.xcdatamodeld */; };
		631FA59722C8D09C00FA83C8 /* BCHDWComment.m in Sources */ = {isa = PBXBuildFile; fileRef = 631FA59622C8D09C00FA83C8 /* BCHDWComment.m */; };
		631FA59A22C8D18600FA83C8 /* BCHDWPersistenceService.m in Sources */ = {isa = PBXBuildFile; fileRef = 631FA59922C8D18600FA83C8 /* BCHDWPersistenceService.m */; };
		631FA59D22C8EC3800FA83C8 /* BCHDWEntryHandle.m in Sources */ = {isa = PBXBuildFile; fileRef = 631FA59C22C8EC3800FA83C8 /* BCHDWEntryHandle.m */; };
		6332FBFE1E157F7900E11A49 /* UIViewController+Menu.m in Sources */ = {isa = PBXBuildFile; fileRef = 6332FBFD1E157F7900E11A49 /* UIViewController+Menu.m */; };
		6332FC011E15938200E11A49 /* BCHDWMenuViewController.m in Sources */ = {isa = PBXBuildFile; fileRef = 6332FC001E15938200E11A49 /* BCHDWMenuViewController.m */; };
		6332FC041E1594D300E11A49 /* WSEnum.m in Sources */ = {isa = PBXBuildFile; fileRef = 6332FC031E1594D300E11A49 /* WSEnum.m */; };
		6332FC071E1595B200E11A49 /* BCHDWMenuOption.m in Sources */ = {isa = PBXBuildFile; fileRef = 6332FC061E1595B200E11A49 /* BCHDWMenuOption.m */; };
		6332FC0A1E159A8100E11A49 /* BCHDWTheme.m in Sources */ = {isa = PBXBuildFile; fileRef = 6332FC091E159A8100E11A49 /* BCHDWTheme.m */; };
		6332FC0E1E15A8DF00E11A49 /* BCHDWDreamwidthService.m in Sources */ = {isa = PBXBuildFile; fileRef = 6332FC0D1E15A8DF00E11A49 /* BCHDWDreamwidthService.m */; };
		6332FC111E15AB4100E11A49 /* BCHDWUserTableViewCell.m in Sources */ = {isa = PBXBuildFile; fileRef = 6332FC101E15AB4100E11A49 /* BCHDWUserTableViewCell.m */; };
		6332FC141E15BE7F00E11A49 /* BCHDWSimpleTableViewCell.m in Sources */ = {isa = PBXBuildFile; fileRef = 6332FC131E15BE7F00E11A49 /* BCHDWSimpleTableViewCell.m */; };
		6332FC171E15C30B00E11A49 /* BCHDWProfileTableViewController.m in Sources */ = {isa = PBXBuildFile; fileRef = 6332FC161E15C30B00E11A49 /* BCHDWProfileTableViewController.m */; };
		6332FC1A1E15C49000E11A49 /* BCHDWProfileMainTableViewCell.m in Sources */ = {isa = PBXBuildFile; fileRef = 6332FC191E15C49000E11A49 /* BCHDWProfileMainTableViewCell.m */; };
		6332FC1D1E15CFF600E11A49 /* BCHDWAvatarTableViewCell.m in Sources */ = {isa = PBXBuildFile; fileRef = 6332FC1C1E15CFF600E11A49 /* BCHDWAvatarTableViewCell.m */; };
		6332FC201E16B2A100E11A49 /* BCHDWAvatarTableViewController.m in Sources */ = {isa = PBXBuildFile; fileRef = 6332FC1F1E16B2A100E11A49 /* BCHDWAvatarTableViewController.m */; };
		6345FCB91E17FBE6004B7B19 /* BCHDWComposeEntryViewController.m in Sources */ = {isa = PBXBuildFile; fileRef = 6345FCB81E17FBE6004B7B19 /* BCHDWComposeEntryViewController.m */; };
		9E8C5FA2DB9D8FDD88254A4E /* libPods-dreamwidth.a in Frameworks */ = {isa = PBXBuildFile; fileRef = 731B75ED8CCDF36DA1EEBC01 /* libPods-dreamwidth.a */; };
		D81603C01D08B21600529654 /* BCHDWLoginViewController.m in Sources */ = {isa = PBXBuildFile; fileRef = D81603BF1D08B21600529654 /* BCHDWLoginViewController.m */; };
		D81603C41D08C11300529654 /* BCHDWAvatar.m in Sources */ = {isa = PBXBuildFile; fileRef = D81603C31D08C11300529654 /* BCHDWAvatar.m */; };
		D81603C71D08C28400529654 /* BCHDWUser.m in Sources */ = {isa = PBXBuildFile; fileRef = D81603C61D08C28400529654 /* BCHDWUser.m */; };
		D81603CA1D09DCC300529654 /* BCHDWEntryListViewController.m in Sources */ = {isa = PBXBuildFile; fileRef = D81603C91D09DCC300529654 /* BCHDWEntryListViewController.m */; };
		D81603CD1D09DFE200529654 /* BCHDWEntryTableViewCell.m in Sources */ = {isa = PBXBuildFile; fileRef = D81603CC1D09DFE200529654 /* BCHDWEntryTableViewCell.m */; };
		D81603D01D09E8C400529654 /* BCHDWEntry.m in Sources */ = {isa = PBXBuildFile; fileRef = D81603CF1D09E8C400529654 /* BCHDWEntry.m */; };
		D8EA84EE1AB1E6BD00B71DC4 /* main.m in Sources */ = {isa = PBXBuildFile; fileRef = D8EA84ED1AB1E6BD00B71DC4 /* main.m */; };
		D8EA84F11AB1E6BD00B71DC4 /* BCHDWAppDelegate.m in Sources */ = {isa = PBXBuildFile; fileRef = D8EA84F01AB1E6BD00B71DC4 /* BCHDWAppDelegate.m */; };
		D8EA84F71AB1E6BD00B71DC4 /* Main.storyboard in Resources */ = {isa = PBXBuildFile; fileRef = D8EA84F51AB1E6BD00B71DC4 /* Main.storyboard */; };
		D8EA84F91AB1E6BD00B71DC4 /* Images.xcassets in Resources */ = {isa = PBXBuildFile; fileRef = D8EA84F81AB1E6BD00B71DC4 /* Images.xcassets */; };
		D8EA84FC1AB1E6BD00B71DC4 /* LaunchScreen.xib in Resources */ = {isa = PBXBuildFile; fileRef = D8EA84FA1AB1E6BD00B71DC4 /* LaunchScreen.xib */; };
		D8EA85081AB1E6BD00B71DC4 /* dreamwidthTests.m in Sources */ = {isa = PBXBuildFile; fileRef = D8EA85071AB1E6BD00B71DC4 /* dreamwidthTests.m */; };
		D8F233D11AB20E4D00F61C25 /* DreamwidthApi.m in Sources */ = {isa = PBXBuildFile; fileRef = D8F233D01AB20E4D00F61C25 /* DreamwidthApi.m */; };
/* End PBXBuildFile section */

/* Begin PBXContainerItemProxy section */
		D8EA85021AB1E6BD00B71DC4 /* PBXContainerItemProxy */ = {
			isa = PBXContainerItemProxy;
			containerPortal = D8EA84E01AB1E6BD00B71DC4 /* Project object */;
			proxyType = 1;
			remoteGlobalIDString = D8EA84E71AB1E6BD00B71DC4;
			remoteInfo = dreamwidth;
		};
/* End PBXContainerItemProxy section */

/* Begin PBXFileReference section */
		49AD58356687206523B0ECAB /* Pods-dreamwidth.debug.xcconfig */ = {isa = PBXFileReference; includeInIndex = 1; lastKnownFileType = text.xcconfig; name = "Pods-dreamwidth.debug.xcconfig"; path = "../Pods/Target Support Files/Pods-dreamwidth/Pods-dreamwidth.debug.xcconfig"; sourceTree = "<group>"; };
		51BFDFAC6C72A146B79155E1 /* Pods-dreamwidth.release.xcconfig */ = {isa = PBXFileReference; includeInIndex = 1; lastKnownFileType = text.xcconfig; name = "Pods-dreamwidth.release.xcconfig"; path = "../Pods/Target Support Files/Pods-dreamwidth/Pods-dreamwidth.release.xcconfig"; sourceTree = "<group>"; };
		6302C73B22CB8A9200346552 /* BCHDWEntryDetailController.h */ = {isa = PBXFileReference; lastKnownFileType = sourcecode.c.h; path = BCHDWEntryDetailController.h; sourceTree = "<group>"; };
		6302C73C22CB8A9200346552 /* BCHDWEntryDetailController.m */ = {isa = PBXFileReference; lastKnownFileType = sourcecode.c.objc; path = BCHDWEntryDetailController.m; sourceTree = "<group>"; };
		6302C73E22CB8E3500346552 /* BCHDWMetaDataTableViewCell.h */ = {isa = PBXFileReference; lastKnownFileType = sourcecode.c.h; path = BCHDWMetaDataTableViewCell.h; sourceTree = "<group>"; };
		6302C73F22CB8E3500346552 /* BCHDWMetaDataTableViewCell.m */ = {isa = PBXFileReference; lastKnownFileType = sourcecode.c.objc; path = BCHDWMetaDataTableViewCell.m; sourceTree = "<group>"; };
		6302C74122CB92B900346552 /* BCHDWBannerView.h */ = {isa = PBXFileReference; lastKnownFileType = sourcecode.c.h; path = BCHDWBannerView.h; sourceTree = "<group>"; };
		6302C74222CB92B900346552 /* BCHDWBannerView.m */ = {isa = PBXFileReference; lastKnownFileType = sourcecode.c.objc; path = BCHDWBannerView.m; sourceTree = "<group>"; };
		6302C74422CC116500346552 /* BCHDWBackgroundView.h */ = {isa = PBXFileReference; lastKnownFileType = sourcecode.c.h; path = BCHDWBackgroundView.h; sourceTree = "<group>"; };
		6302C74522CC116500346552 /* BCHDWBackgroundView.m */ = {isa = PBXFileReference; lastKnownFileType = sourcecode.c.objc; path = BCHDWBackgroundView.m; sourceTree = "<group>"; };
		6302C74722CD973C00346552 /* BCHDWCommentTableViewCell.h */ = {isa = PBXFileReference; lastKnownFileType = sourcecode.c.h; path = BCHDWCommentTableViewCell.h; sourceTree = "<group>"; };
		6302C74822CD973C00346552 /* BCHDWCommentTableViewCell.m */ = {isa = PBXFileReference; lastKnownFileType = sourcecode.c.objc; path = BCHDWCommentTableViewCell.m; sourceTree = "<group>"; };
		6302C74A22D0CC4C00346552 /* NSString+DreamBalloon.h */ = {isa = PBXFileReference; lastKnownFileType = sourcecode.c.h; path = "NSString+DreamBalloon.h"; sourceTree = "<group>"; };
		6302C74B22D0CC4C00346552 /* NSString+DreamBalloon.m */ = {isa = PBXFileReference; lastKnownFileType = sourcecode.c.objc; path = "NSString+DreamBalloon.m"; sourceTree = "<group>"; };
		6302C74D22D0F13000346552 /* BCHDWHTMLHelper.h */ = {isa = PBXFileReference; lastKnownFileType = sourcecode.c.h; path = BCHDWHTMLHelper.h; sourceTree = "<group>"; };
		6302C74E22D0F13000346552 /* BCHDWHTMLHelper.m */ = {isa = PBXFileReference; lastKnownFileType = sourcecode.c.objc; path = BCHDWHTMLHelper.m; sourceTree = "<group>"; };
		6302C75022D1264500346552 /* BCHDWEntryContentTableViewCell.h */ = {isa = PBXFileReference; lastKnownFileType = sourcecode.c.h; path = BCHDWEntryContentTableViewCell.h; sourceTree = "<group>"; };
		6302C75122D1264500346552 /* BCHDWEntryContentTableViewCell.m */ = {isa = PBXFileReference; lastKnownFileType = sourcecode.c.objc; path = BCHDWEntryContentTableViewCell.m; sourceTree = "<group>"; };
		6302C75322D2884600346552 /* BCHDWUserStringHelper.h */ = {isa = PBXFileReference; lastKnownFileType = sourcecode.c.h; path = BCHDWUserStringHelper.h; sourceTree = "<group>"; };
		6302C75422D2884600346552 /* BCHDWUserStringHelper.m */ = {isa = PBXFileReference; lastKnownFileType = sourcecode.c.objc; path = BCHDWUserStringHelper.m; sourceTree = "<group>"; };
		6302C75622D36EC600346552 /* BCHDWComposeReplyViewController.h */ = {isa = PBXFileReference; lastKnownFileType = sourcecode.c.h; path = BCHDWComposeReplyViewController.h; sourceTree = "<group>"; };
		6302C75722D36EC600346552 /* BCHDWComposeReplyViewController.m */ = {isa = PBXFileReference; lastKnownFileType = sourcecode.c.objc; path = BCHDWComposeReplyViewController.m; sourceTree = "<group>"; };
		6302C75922D36F1600346552 /* BCHDWCommentComposer.h */ = {isa = PBXFileReference; lastKnownFileType = sourcecode.c.h; path = BCHDWCommentComposer.h; sourceTree = "<group>"; };
		6302C75A22D7746700346552 /* BCHDWCommentEntryData.h */ = {isa = PBXFileReference; lastKnownFileType = sourcecode.c.h; path = BCHDWCommentEntryData.h; sourceTree = "<group>"; };
		6302C75B22D7746700346552 /* BCHDWCommentEntryData.m */ = {isa = PBXFileReference; lastKnownFileType = sourcecode.c.objc; path = BCHDWCommentEntryData.m; sourceTree = "<group>"; };
		6302C75D22D8B4D200346552 /* BCHDWFormData.h */ = {isa = PBXFileReference; lastKnownFileType = sourcecode.c.h; path = BCHDWFormData.h; sourceTree = "<group>"; };
		6302C75E22D8B4D200346552 /* BCHDWFormData.m */ = {isa = PBXFileReference; lastKnownFileType = sourcecode.c.objc; path = BCHDWFormData.m; sourceTree = "<group>"; };
		631FA59322C7AEF400FA83C8 /* Dreamwidth.xcdatamodel */ = {isa = PBXFileReference; lastKnownFileType = wrapper.xcdatamodel; path = Dreamwidth.xcdatamodel; sourceTree = "<group>"; };
		631FA59522C8D09C00FA83C8 /* BCHDWComment.h */ = {isa = PBXFileReference; lastKnownFileType = sourcecode.c.h; path = BCHDWComment.h; sourceTree = "<group>"; };
		631FA59622C8D09C00FA83C8 /* BCHDWComment.m */ = {isa = PBXFileReference; lastKnownFileType = sourcecode.c.objc; path = BCHDWComment.m; sourceTree = "<group>"; };
		631FA59822C8D18600FA83C8 /* BCHDWPersistenceService.h */ = {isa = PBXFileReference; lastKnownFileType = sourcecode.c.h; path = BCHDWPersistenceService.h; sourceTree = "<group>"; };
		631FA59922C8D18600FA83C8 /* BCHDWPersistenceService.m */ = {isa = PBXFileReference; lastKnownFileType = sourcecode.c.objc; path = BCHDWPersistenceService.m; sourceTree = "<group>"; };
		631FA59B22C8EC3800FA83C8 /* BCHDWEntryHandle.h */ = {isa = PBXFileReference; lastKnownFileType = sourcecode.c.h; path = BCHDWEntryHandle.h; sourceTree = "<group>"; };
		631FA59C22C8EC3800FA83C8 /* BCHDWEntryHandle.m */ = {isa = PBXFileReference; lastKnownFileType = sourcecode.c.objc; path = BCHDWEntryHandle.m; sourceTree = "<group>"; };
		6332FBFC1E157F7900E11A49 /* UIViewController+Menu.h */ = {isa = PBXFileReference; fileEncoding = 4; lastKnownFileType = sourcecode.c.h; path = "UIViewController+Menu.h"; sourceTree = "<group>"; };
		6332FBFD1E157F7900E11A49 /* UIViewController+Menu.m */ = {isa = PBXFileReference; fileEncoding = 4; lastKnownFileType = sourcecode.c.objc; path = "UIViewController+Menu.m"; sourceTree = "<group>"; };
		6332FBFF1E15938200E11A49 /* BCHDWMenuViewController.h */ = {isa = PBXFileReference; fileEncoding = 4; lastKnownFileType = sourcecode.c.h; path = BCHDWMenuViewController.h; sourceTree = "<group>"; };
		6332FC001E15938200E11A49 /* BCHDWMenuViewController.m */ = {isa = PBXFileReference; fileEncoding = 4; lastKnownFileType = sourcecode.c.objc; path = BCHDWMenuViewController.m; sourceTree = "<group>"; };
		6332FC021E1594D300E11A49 /* WSEnum.h */ = {isa = PBXFileReference; fileEncoding = 4; lastKnownFileType = sourcecode.c.h; path = WSEnum.h; sourceTree = "<group>"; };
		6332FC031E1594D300E11A49 /* WSEnum.m */ = {isa = PBXFileReference; fileEncoding = 4; lastKnownFileType = sourcecode.c.objc; path = WSEnum.m; sourceTree = "<group>"; };
		6332FC051E1595B200E11A49 /* BCHDWMenuOption.h */ = {isa = PBXFileReference; fileEncoding = 4; lastKnownFileType = sourcecode.c.h; path = BCHDWMenuOption.h; sourceTree = "<group>"; };
		6332FC061E1595B200E11A49 /* BCHDWMenuOption.m */ = {isa = PBXFileReference; fileEncoding = 4; lastKnownFileType = sourcecode.c.objc; path = BCHDWMenuOption.m; sourceTree = "<group>"; };
		6332FC081E159A8100E11A49 /* BCHDWTheme.h */ = {isa = PBXFileReference; fileEncoding = 4; lastKnownFileType = sourcecode.c.h; path = BCHDWTheme.h; sourceTree = "<group>"; };
		6332FC091E159A8100E11A49 /* BCHDWTheme.m */ = {isa = PBXFileReference; fileEncoding = 4; lastKnownFileType = sourcecode.c.objc; path = BCHDWTheme.m; sourceTree = "<group>"; };
		6332FC0C1E15A8DF00E11A49 /* BCHDWDreamwidthService.h */ = {isa = PBXFileReference; fileEncoding = 4; lastKnownFileType = sourcecode.c.h; path = BCHDWDreamwidthService.h; sourceTree = "<group>"; };
		6332FC0D1E15A8DF00E11A49 /* BCHDWDreamwidthService.m */ = {isa = PBXFileReference; fileEncoding = 4; lastKnownFileType = sourcecode.c.objc; path = BCHDWDreamwidthService.m; sourceTree = "<group>"; };
		6332FC0F1E15AB4100E11A49 /* BCHDWUserTableViewCell.h */ = {isa = PBXFileReference; fileEncoding = 4; lastKnownFileType = sourcecode.c.h; path = BCHDWUserTableViewCell.h; sourceTree = "<group>"; };
		6332FC101E15AB4100E11A49 /* BCHDWUserTableViewCell.m */ = {isa = PBXFileReference; fileEncoding = 4; lastKnownFileType = sourcecode.c.objc; path = BCHDWUserTableViewCell.m; sourceTree = "<group>"; };
		6332FC121E15BE7F00E11A49 /* BCHDWSimpleTableViewCell.h */ = {isa = PBXFileReference; fileEncoding = 4; lastKnownFileType = sourcecode.c.h; path = BCHDWSimpleTableViewCell.h; sourceTree = "<group>"; };
		6332FC131E15BE7F00E11A49 /* BCHDWSimpleTableViewCell.m */ = {isa = PBXFileReference; fileEncoding = 4; lastKnownFileType = sourcecode.c.objc; path = BCHDWSimpleTableViewCell.m; sourceTree = "<group>"; };
		6332FC151E15C30B00E11A49 /* BCHDWProfileTableViewController.h */ = {isa = PBXFileReference; fileEncoding = 4; lastKnownFileType = sourcecode.c.h; path = BCHDWProfileTableViewController.h; sourceTree = "<group>"; };
		6332FC161E15C30B00E11A49 /* BCHDWProfileTableViewController.m */ = {isa = PBXFileReference; fileEncoding = 4; lastKnownFileType = sourcecode.c.objc; path = BCHDWProfileTableViewController.m; sourceTree = "<group>"; };
		6332FC181E15C49000E11A49 /* BCHDWProfileMainTableViewCell.h */ = {isa = PBXFileReference; fileEncoding = 4; lastKnownFileType = sourcecode.c.h; path = BCHDWProfileMainTableViewCell.h; sourceTree = "<group>"; };
		6332FC191E15C49000E11A49 /* BCHDWProfileMainTableViewCell.m */ = {isa = PBXFileReference; fileEncoding = 4; lastKnownFileType = sourcecode.c.objc; path = BCHDWProfileMainTableViewCell.m; sourceTree = "<group>"; };
		6332FC1B1E15CFF600E11A49 /* BCHDWAvatarTableViewCell.h */ = {isa = PBXFileReference; fileEncoding = 4; lastKnownFileType = sourcecode.c.h; path = BCHDWAvatarTableViewCell.h; sourceTree = "<group>"; };
		6332FC1C1E15CFF600E11A49 /* BCHDWAvatarTableViewCell.m */ = {isa = PBXFileReference; fileEncoding = 4; lastKnownFileType = sourcecode.c.objc; path = BCHDWAvatarTableViewCell.m; sourceTree = "<group>"; };
		6332FC1E1E16B2A100E11A49 /* BCHDWAvatarTableViewController.h */ = {isa = PBXFileReference; fileEncoding = 4; lastKnownFileType = sourcecode.c.h; path = BCHDWAvatarTableViewController.h; sourceTree = "<group>"; };
		6332FC1F1E16B2A100E11A49 /* BCHDWAvatarTableViewController.m */ = {isa = PBXFileReference; fileEncoding = 4; lastKnownFileType = sourcecode.c.objc; path = BCHDWAvatarTableViewController.m; sourceTree = "<group>"; };
		6345FCB71E17FBE6004B7B19 /* BCHDWComposeEntryViewController.h */ = {isa = PBXFileReference; fileEncoding = 4; lastKnownFileType = sourcecode.c.h; path = BCHDWComposeEntryViewController.h; sourceTree = "<group>"; };
		6345FCB81E17FBE6004B7B19 /* BCHDWComposeEntryViewController.m */ = {isa = PBXFileReference; fileEncoding = 4; lastKnownFileType = sourcecode.c.objc; path = BCHDWComposeEntryViewController.m; sourceTree = "<group>"; };
		731B75ED8CCDF36DA1EEBC01 /* libPods-dreamwidth.a */ = {isa = PBXFileReference; explicitFileType = archive.ar; includeInIndex = 0; path = "libPods-dreamwidth.a"; sourceTree = BUILT_PRODUCTS_DIR; };
		D81603BE1D08B21600529654 /* BCHDWLoginViewController.h */ = {isa = PBXFileReference; fileEncoding = 4; lastKnownFileType = sourcecode.c.h; path = BCHDWLoginViewController.h; sourceTree = "<group>"; };
		D81603BF1D08B21600529654 /* BCHDWLoginViewController.m */ = {isa = PBXFileReference; fileEncoding = 4; lastKnownFileType = sourcecode.c.objc; path = BCHDWLoginViewController.m; sourceTree = "<group>"; };
		D81603C21D08C11300529654 /* BCHDWAvatar.h */ = {isa = PBXFileReference; fileEncoding = 4; lastKnownFileType = sourcecode.c.h; path = BCHDWAvatar.h; sourceTree = "<group>"; };
		D81603C31D08C11300529654 /* BCHDWAvatar.m */ = {isa = PBXFileReference; fileEncoding = 4; lastKnownFileType = sourcecode.c.objc; path = BCHDWAvatar.m; sourceTree = "<group>"; };
		D81603C51D08C28400529654 /* BCHDWUser.h */ = {isa = PBXFileReference; fileEncoding = 4; lastKnownFileType = sourcecode.c.h; path = BCHDWUser.h; sourceTree = "<group>"; };
		D81603C61D08C28400529654 /* BCHDWUser.m */ = {isa = PBXFileReference; fileEncoding = 4; lastKnownFileType = sourcecode.c.objc; path = BCHDWUser.m; sourceTree = "<group>"; };
		D81603C81D09DCC300529654 /* BCHDWEntryListViewController.h */ = {isa = PBXFileReference; fileEncoding = 4; lastKnownFileType = sourcecode.c.h; path = BCHDWEntryListViewController.h; sourceTree = "<group>"; };
		D81603C91D09DCC300529654 /* BCHDWEntryListViewController.m */ = {isa = PBXFileReference; fileEncoding = 4; lastKnownFileType = sourcecode.c.objc; path = BCHDWEntryListViewController.m; sourceTree = "<group>"; };
		D81603CB1D09DFE200529654 /* BCHDWEntryTableViewCell.h */ = {isa = PBXFileReference; fileEncoding = 4; lastKnownFileType = sourcecode.c.h; path = BCHDWEntryTableViewCell.h; sourceTree = "<group>"; };
		D81603CC1D09DFE200529654 /* BCHDWEntryTableViewCell.m */ = {isa = PBXFileReference; fileEncoding = 4; lastKnownFileType = sourcecode.c.objc; path = BCHDWEntryTableViewCell.m; sourceTree = "<group>"; };
		D81603CE1D09E8C400529654 /* BCHDWEntry.h */ = {isa = PBXFileReference; fileEncoding = 4; lastKnownFileType = sourcecode.c.h; path = BCHDWEntry.h; sourceTree = "<group>"; };
		D81603CF1D09E8C400529654 /* BCHDWEntry.m */ = {isa = PBXFileReference; fileEncoding = 4; lastKnownFileType = sourcecode.c.objc; path = BCHDWEntry.m; sourceTree = "<group>"; };
		D8EA84E81AB1E6BD00B71DC4 /* dreamwidth.app */ = {isa = PBXFileReference; explicitFileType = wrapper.application; includeInIndex = 0; path = dreamwidth.app; sourceTree = BUILT_PRODUCTS_DIR; };
		D8EA84EC1AB1E6BD00B71DC4 /* Info.plist */ = {isa = PBXFileReference; lastKnownFileType = text.plist.xml; path = Info.plist; sourceTree = "<group>"; };
		D8EA84ED1AB1E6BD00B71DC4 /* main.m */ = {isa = PBXFileReference; lastKnownFileType = sourcecode.c.objc; path = main.m; sourceTree = "<group>"; };
		D8EA84EF1AB1E6BD00B71DC4 /* BCHDWAppDelegate.h */ = {isa = PBXFileReference; lastKnownFileType = sourcecode.c.h; path = BCHDWAppDelegate.h; sourceTree = "<group>"; };
		D8EA84F01AB1E6BD00B71DC4 /* BCHDWAppDelegate.m */ = {isa = PBXFileReference; lastKnownFileType = sourcecode.c.objc; path = BCHDWAppDelegate.m; sourceTree = "<group>"; };
		D8EA84F61AB1E6BD00B71DC4 /* Base */ = {isa = PBXFileReference; lastKnownFileType = file.storyboard; name = Base; path = Base.lproj/Main.storyboard; sourceTree = "<group>"; };
		D8EA84F81AB1E6BD00B71DC4 /* Images.xcassets */ = {isa = PBXFileReference; lastKnownFileType = folder.assetcatalog; path = Images.xcassets; sourceTree = "<group>"; };
		D8EA84FB1AB1E6BD00B71DC4 /* Base */ = {isa = PBXFileReference; lastKnownFileType = file.xib; name = Base; path = Base.lproj/LaunchScreen.xib; sourceTree = "<group>"; };
		D8EA85011AB1E6BD00B71DC4 /* dreamwidthTests.xctest */ = {isa = PBXFileReference; explicitFileType = wrapper.cfbundle; includeInIndex = 0; path = dreamwidthTests.xctest; sourceTree = BUILT_PRODUCTS_DIR; };
		D8EA85061AB1E6BD00B71DC4 /* Info.plist */ = {isa = PBXFileReference; lastKnownFileType = text.plist.xml; path = Info.plist; sourceTree = "<group>"; };
		D8EA85071AB1E6BD00B71DC4 /* dreamwidthTests.m */ = {isa = PBXFileReference; lastKnownFileType = sourcecode.c.objc; path = dreamwidthTests.m; sourceTree = "<group>"; };
		D8F233CF1AB20E4D00F61C25 /* DreamwidthApi.h */ = {isa = PBXFileReference; fileEncoding = 4; lastKnownFileType = sourcecode.c.h; path = DreamwidthApi.h; sourceTree = "<group>"; };
		D8F233D01AB20E4D00F61C25 /* DreamwidthApi.m */ = {isa = PBXFileReference; fileEncoding = 4; lastKnownFileType = sourcecode.c.objc; path = DreamwidthApi.m; sourceTree = "<group>"; };
/* End PBXFileReference section */

/* Begin PBXFrameworksBuildPhase section */
		D8EA84E51AB1E6BD00B71DC4 /* Frameworks */ = {
			isa = PBXFrameworksBuildPhase;
			buildActionMask = 2147483647;
			files = (
				9E8C5FA2DB9D8FDD88254A4E /* libPods-dreamwidth.a in Frameworks */,
			);
			runOnlyForDeploymentPostprocessing = 0;
		};
		D8EA84FE1AB1E6BD00B71DC4 /* Frameworks */ = {
			isa = PBXFrameworksBuildPhase;
			buildActionMask = 2147483647;
			files = (
			);
			runOnlyForDeploymentPostprocessing = 0;
		};
/* End PBXFrameworksBuildPhase section */

/* Begin PBXGroup section */
		6332FBFB1E157F3600E11A49 /* Utilities */ = {
			isa = PBXGroup;
			children = (
				6332FBFC1E157F7900E11A49 /* UIViewController+Menu.h */,
				6332FBFD1E157F7900E11A49 /* UIViewController+Menu.m */,
				6332FC021E1594D300E11A49 /* WSEnum.h */,
				6332FC031E1594D300E11A49 /* WSEnum.m */,
				6302C74122CB92B900346552 /* BCHDWBannerView.h */,
				6302C74222CB92B900346552 /* BCHDWBannerView.m */,
				6302C74422CC116500346552 /* BCHDWBackgroundView.h */,
				6302C74522CC116500346552 /* BCHDWBackgroundView.m */,
				6302C74A22D0CC4C00346552 /* NSString+DreamBalloon.h */,
				6302C74B22D0CC4C00346552 /* NSString+DreamBalloon.m */,
				6302C74D22D0F13000346552 /* BCHDWHTMLHelper.h */,
				6302C74E22D0F13000346552 /* BCHDWHTMLHelper.m */,
				6302C75322D2884600346552 /* BCHDWUserStringHelper.h */,
				6302C75422D2884600346552 /* BCHDWUserStringHelper.m */,
			);
			path = Utilities;
			sourceTree = "<group>";
		};
		6332FC0B1E15A89600E11A49 /* Services */ = {
			isa = PBXGroup;
			children = (
				6332FC0C1E15A8DF00E11A49 /* BCHDWDreamwidthService.h */,
				6332FC0D1E15A8DF00E11A49 /* BCHDWDreamwidthService.m */,
				631FA59822C8D18600FA83C8 /* BCHDWPersistenceService.h */,
				631FA59922C8D18600FA83C8 /* BCHDWPersistenceService.m */,
				6302C75A22D7746700346552 /* BCHDWCommentEntryData.h */,
				6302C75B22D7746700346552 /* BCHDWCommentEntryData.m */,
				6302C75D22D8B4D200346552 /* BCHDWFormData.h */,
				6302C75E22D8B4D200346552 /* BCHDWFormData.m */,
			);
			path = Services;
			sourceTree = "<group>";
		};
		751AD287C0483B0A8F3DC418 /* Frameworks */ = {
			isa = PBXGroup;
			children = (
				731B75ED8CCDF36DA1EEBC01 /* libPods-dreamwidth.a */,
			);
			name = Frameworks;
			sourceTree = "<group>";
		};
		844B99DEF0C24CEE25ED5303 /* Pods */ = {
			isa = PBXGroup;
			children = (
				49AD58356687206523B0ECAB /* Pods-dreamwidth.debug.xcconfig */,
				51BFDFAC6C72A146B79155E1 /* Pods-dreamwidth.release.xcconfig */,
			);
			name = Pods;
			sourceTree = "<group>";
		};
		D81603BD1D08B1E500529654 /* View Controllers */ = {
			isa = PBXGroup;
			children = (
				6332FC1B1E15CFF600E11A49 /* BCHDWAvatarTableViewCell.h */,
				6332FC1C1E15CFF600E11A49 /* BCHDWAvatarTableViewCell.m */,
				6332FC1E1E16B2A100E11A49 /* BCHDWAvatarTableViewController.h */,
				6332FC1F1E16B2A100E11A49 /* BCHDWAvatarTableViewController.m */,
				6345FCB71E17FBE6004B7B19 /* BCHDWComposeEntryViewController.h */,
				6345FCB81E17FBE6004B7B19 /* BCHDWComposeEntryViewController.m */,
				D81603C81D09DCC300529654 /* BCHDWEntryListViewController.h */,
				D81603C91D09DCC300529654 /* BCHDWEntryListViewController.m */,
				D81603CB1D09DFE200529654 /* BCHDWEntryTableViewCell.h */,
				D81603CC1D09DFE200529654 /* BCHDWEntryTableViewCell.m */,
				D81603BE1D08B21600529654 /* BCHDWLoginViewController.h */,
				D81603BF1D08B21600529654 /* BCHDWLoginViewController.m */,
				6332FBFF1E15938200E11A49 /* BCHDWMenuViewController.h */,
				6332FC001E15938200E11A49 /* BCHDWMenuViewController.m */,
				6332FC181E15C49000E11A49 /* BCHDWProfileMainTableViewCell.h */,
				6332FC191E15C49000E11A49 /* BCHDWProfileMainTableViewCell.m */,
				6332FC151E15C30B00E11A49 /* BCHDWProfileTableViewController.h */,
				6332FC161E15C30B00E11A49 /* BCHDWProfileTableViewController.m */,
				6332FC121E15BE7F00E11A49 /* BCHDWSimpleTableViewCell.h */,
				6332FC131E15BE7F00E11A49 /* BCHDWSimpleTableViewCell.m */,
				6332FC0F1E15AB4100E11A49 /* BCHDWUserTableViewCell.h */,
				6332FC101E15AB4100E11A49 /* BCHDWUserTableViewCell.m */,
				6302C73B22CB8A9200346552 /* BCHDWEntryDetailController.h */,
				6302C73C22CB8A9200346552 /* BCHDWEntryDetailController.m */,
				6302C73E22CB8E3500346552 /* BCHDWMetaDataTableViewCell.h */,
				6302C73F22CB8E3500346552 /* BCHDWMetaDataTableViewCell.m */,
				6302C74722CD973C00346552 /* BCHDWCommentTableViewCell.h */,
				6302C74822CD973C00346552 /* BCHDWCommentTableViewCell.m */,
				6302C75022D1264500346552 /* BCHDWEntryContentTableViewCell.h */,
				6302C75122D1264500346552 /* BCHDWEntryContentTableViewCell.m */,
				6302C75622D36EC600346552 /* BCHDWComposeReplyViewController.h */,
				6302C75722D36EC600346552 /* BCHDWComposeReplyViewController.m */,
				6302C75922D36F1600346552 /* BCHDWCommentComposer.h */,
			);
			path = "View Controllers";
			sourceTree = "<group>";
		};
		D81603C11D08C0EC00529654 /* Model */ = {
			isa = PBXGroup;
			children = (
				D81603C21D08C11300529654 /* BCHDWAvatar.h */,
				D81603C31D08C11300529654 /* BCHDWAvatar.m */,
				D81603CE1D09E8C400529654 /* BCHDWEntry.h */,
				D81603CF1D09E8C400529654 /* BCHDWEntry.m */,
				6332FC051E1595B200E11A49 /* BCHDWMenuOption.h */,
				6332FC061E1595B200E11A49 /* BCHDWMenuOption.m */,
				D81603C51D08C28400529654 /* BCHDWUser.h */,
				D81603C61D08C28400529654 /* BCHDWUser.m */,
				631FA59522C8D09C00FA83C8 /* BCHDWComment.h */,
				631FA59622C8D09C00FA83C8 /* BCHDWComment.m */,
				631FA59B22C8EC3800FA83C8 /* BCHDWEntryHandle.h */,
				631FA59C22C8EC3800FA83C8 /* BCHDWEntryHandle.m */,
			);
			path = Model;
			sourceTree = "<group>";
		};
		D8EA84DF1AB1E6BD00B71DC4 = {
			isa = PBXGroup;
			children = (
				D8EA84EA1AB1E6BD00B71DC4 /* dreamwidth */,
				D8EA85041AB1E6BD00B71DC4 /* dreamwidthTests */,
				D8EA84E91AB1E6BD00B71DC4 /* Products */,
				844B99DEF0C24CEE25ED5303 /* Pods */,
				751AD287C0483B0A8F3DC418 /* Frameworks */,
			);
			sourceTree = "<group>";
		};
		D8EA84E91AB1E6BD00B71DC4 /* Products */ = {
			isa = PBXGroup;
			children = (
				D8EA84E81AB1E6BD00B71DC4 /* dreamwidth.app */,
				D8EA85011AB1E6BD00B71DC4 /* dreamwidthTests.xctest */,
			);
			name = Products;
			sourceTree = "<group>";
		};
		D8EA84EA1AB1E6BD00B71DC4 /* dreamwidth */ = {
			isa = PBXGroup;
			children = (
				631FA59222C7AEF400FA83C8 /* Dreamwidth.xcdatamodeld */,
				6332FC0B1E15A89600E11A49 /* Services */,
				6332FBFB1E157F3600E11A49 /* Utilities */,
				D81603C11D08C0EC00529654 /* Model */,
				D81603BD1D08B1E500529654 /* View Controllers */,
				D8EA84EF1AB1E6BD00B71DC4 /* BCHDWAppDelegate.h */,
				D8EA84F01AB1E6BD00B71DC4 /* BCHDWAppDelegate.m */,
				D8EA84F51AB1E6BD00B71DC4 /* Main.storyboard */,
				D8EA84F81AB1E6BD00B71DC4 /* Images.xcassets */,
				D8EA84FA1AB1E6BD00B71DC4 /* LaunchScreen.xib */,
				D8EA84EB1AB1E6BD00B71DC4 /* Supporting Files */,
				D8F233CF1AB20E4D00F61C25 /* DreamwidthApi.h */,
				D8F233D01AB20E4D00F61C25 /* DreamwidthApi.m */,
				6332FC081E159A8100E11A49 /* BCHDWTheme.h */,
				6332FC091E159A8100E11A49 /* BCHDWTheme.m */,
			);
			path = dreamwidth;
			sourceTree = "<group>";
		};
		D8EA84EB1AB1E6BD00B71DC4 /* Supporting Files */ = {
			isa = PBXGroup;
			children = (
				D8EA84EC1AB1E6BD00B71DC4 /* Info.plist */,
				D8EA84ED1AB1E6BD00B71DC4 /* main.m */,
			);
			name = "Supporting Files";
			sourceTree = "<group>";
		};
		D8EA85041AB1E6BD00B71DC4 /* dreamwidthTests */ = {
			isa = PBXGroup;
			children = (
				D8EA85071AB1E6BD00B71DC4 /* dreamwidthTests.m */,
				D8EA85051AB1E6BD00B71DC4 /* Supporting Files */,
			);
			path = dreamwidthTests;
			sourceTree = "<group>";
		};
		D8EA85051AB1E6BD00B71DC4 /* Supporting Files */ = {
			isa = PBXGroup;
			children = (
				D8EA85061AB1E6BD00B71DC4 /* Info.plist */,
			);
			name = "Supporting Files";
			sourceTree = "<group>";
		};
/* End PBXGroup section */

/* Begin PBXNativeTarget section */
		D8EA84E71AB1E6BD00B71DC4 /* dreamwidth */ = {
			isa = PBXNativeTarget;
			buildConfigurationList = D8EA850B1AB1E6BD00B71DC4 /* Build configuration list for PBXNativeTarget "dreamwidth" */;
			buildPhases = (
				031EA789B553294D34BF55BA /* [CP] Check Pods Manifest.lock */,
				D8EA84E41AB1E6BD00B71DC4 /* Sources */,
				D8EA84E51AB1E6BD00B71DC4 /* Frameworks */,
				D8EA84E61AB1E6BD00B71DC4 /* Resources */,
				E2EBC0DF2242E47FEF950DC2 /* [CP] Embed Pods Frameworks */,
				1F9AF32B8AD46B6EE2B51E13 /* [CP] Copy Pods Resources */,
			);
			buildRules = (
			);
			dependencies = (
			);
			name = dreamwidth;
			productName = dreamwidth;
			productReference = D8EA84E81AB1E6BD00B71DC4 /* dreamwidth.app */;
			productType = "com.apple.product-type.application";
		};
		D8EA85001AB1E6BD00B71DC4 /* dreamwidthTests */ = {
			isa = PBXNativeTarget;
			buildConfigurationList = D8EA850E1AB1E6BD00B71DC4 /* Build configuration list for PBXNativeTarget "dreamwidthTests" */;
			buildPhases = (
				D8EA84FD1AB1E6BD00B71DC4 /* Sources */,
				D8EA84FE1AB1E6BD00B71DC4 /* Frameworks */,
				D8EA84FF1AB1E6BD00B71DC4 /* Resources */,
			);
			buildRules = (
			);
			dependencies = (
				D8EA85031AB1E6BD00B71DC4 /* PBXTargetDependency */,
			);
			name = dreamwidthTests;
			productName = dreamwidthTests;
			productReference = D8EA85011AB1E6BD00B71DC4 /* dreamwidthTests.xctest */;
			productType = "com.apple.product-type.bundle.unit-test";
		};
/* End PBXNativeTarget section */

/* Begin PBXProject section */
		D8EA84E01AB1E6BD00B71DC4 /* Project object */ = {
			isa = PBXProject;
			attributes = {
				LastUpgradeCheck = 0820;
				ORGANIZATIONNAME = "Ayizan Studios";
				TargetAttributes = {
					D8EA84E71AB1E6BD00B71DC4 = {
						CreatedOnToolsVersion = 6.2;
						DevelopmentTeam = 8W5A52K7AS;
						SystemCapabilities = {
							com.apple.BackgroundModes = {
								enabled = 1;
							};
						};
					};
					D8EA85001AB1E6BD00B71DC4 = {
						CreatedOnToolsVersion = 6.2;
						TestTargetID = D8EA84E71AB1E6BD00B71DC4;
					};
				};
			};
			buildConfigurationList = D8EA84E31AB1E6BD00B71DC4 /* Build configuration list for PBXProject "dreamwidth" */;
			compatibilityVersion = "Xcode 3.2";
			developmentRegion = English;
			hasScannedForEncodings = 0;
			knownRegions = (
				English,
				en,
				Base,
			);
			mainGroup = D8EA84DF1AB1E6BD00B71DC4;
			productRefGroup = D8EA84E91AB1E6BD00B71DC4 /* Products */;
			projectDirPath = "";
			projectRoot = "";
			targets = (
				D8EA84E71AB1E6BD00B71DC4 /* dreamwidth */,
				D8EA85001AB1E6BD00B71DC4 /* dreamwidthTests */,
			);
		};
/* End PBXProject section */

/* Begin PBXResourcesBuildPhase section */
		D8EA84E61AB1E6BD00B71DC4 /* Resources */ = {
			isa = PBXResourcesBuildPhase;
			buildActionMask = 2147483647;
			files = (
				D8EA84F71AB1E6BD00B71DC4 /* Main.storyboard in Resources */,
				D8EA84FC1AB1E6BD00B71DC4 /* LaunchScreen.xib in Resources */,
				D8EA84F91AB1E6BD00B71DC4 /* Images.xcassets in Resources */,
			);
			runOnlyForDeploymentPostprocessing = 0;
		};
		D8EA84FF1AB1E6BD00B71DC4 /* Resources */ = {
			isa = PBXResourcesBuildPhase;
			buildActionMask = 2147483647;
			files = (
			);
			runOnlyForDeploymentPostprocessing = 0;
		};
/* End PBXResourcesBuildPhase section */

/* Begin PBXShellScriptBuildPhase section */
		031EA789B553294D34BF55BA /* [CP] Check Pods Manifest.lock */ = {
			isa = PBXShellScriptBuildPhase;
			buildActionMask = 2147483647;
			files = (
			);
			inputPaths = (
				"${PODS_PODFILE_DIR_PATH}/Podfile.lock",
				"${PODS_ROOT}/Manifest.lock",
			);
			name = "[CP] Check Pods Manifest.lock";
			outputPaths = (
				"$(DERIVED_FILE_DIR)/Pods-dreamwidth-checkManifestLockResult.txt",
			);
			runOnlyForDeploymentPostprocessing = 0;
			shellPath = /bin/sh;
			shellScript = "diff \"${PODS_PODFILE_DIR_PATH}/Podfile.lock\" \"${PODS_ROOT}/Manifest.lock\" > /dev/null\nif [ $? != 0 ] ; then\n    # print error to STDERR\n    echo \"error: The sandbox is not in sync with the Podfile.lock. Run 'pod install' or update your CocoaPods installation.\" >&2\n    exit 1\nfi\n# This output is used by Xcode 'outputs' to avoid re-running this script phase.\necho \"SUCCESS\" > \"${SCRIPT_OUTPUT_FILE_0}\"\n";
			showEnvVarsInLog = 0;
		};
		1F9AF32B8AD46B6EE2B51E13 /* [CP] Copy Pods Resources */ = {
			isa = PBXShellScriptBuildPhase;
			buildActionMask = 2147483647;
			files = (
			);
			inputPaths = (
				"${SRCROOT}/../Pods/Target Support Files/Pods-dreamwidth/Pods-dreamwidth-resources.sh",
				"${PODS_CONFIGURATION_BUILD_DIR}/1PasswordExtension/OnePasswordExtensionResources.bundle",
				"${PODS_ROOT}/DateTools/DateTools/DateTools/DateTools.bundle",
				"${PODS_ROOT}/MaterialComponents/components/AppBar/src/MaterialAppBar.bundle",
				"${PODS_ROOT}/MaterialComponents/components/CollectionCells/src/MaterialCollectionCells.bundle",
				"${PODS_ROOT}/MaterialComponents/components/Collections/src/MaterialCollections.bundle",
				"${PODS_ROOT}/MaterialComponents/components/Snackbar/src/MaterialSnackbar.bundle",
				"${PODS_CONFIGURATION_BUILD_DIR}/MaterialComponents/MaterialIcons_ic_arrow_back.bundle",
				"${PODS_CONFIGURATION_BUILD_DIR}/MaterialComponents/MaterialIcons_ic_check.bundle",
				"${PODS_CONFIGURATION_BUILD_DIR}/MaterialComponents/MaterialIcons_ic_check_circle.bundle",
				"${PODS_CONFIGURATION_BUILD_DIR}/MaterialComponents/MaterialIcons_ic_chevron_right.bundle",
				"${PODS_CONFIGURATION_BUILD_DIR}/MaterialComponents/MaterialIcons_ic_info.bundle",
				"${PODS_CONFIGURATION_BUILD_DIR}/MaterialComponents/MaterialIcons_ic_radio_button_unchecked.bundle",
				"${PODS_CONFIGURATION_BUILD_DIR}/MaterialComponents/MaterialIcons_ic_reorder.bundle",
				"${PODS_ROOT}/SVProgressHUD/SVProgressHUD/SVProgressHUD.bundle",
			);
			name = "[CP] Copy Pods Resources";
			outputPaths = (
				"${TARGET_BUILD_DIR}/${UNLOCALIZED_RESOURCES_FOLDER_PATH}/OnePasswordExtensionResources.bundle",
				"${TARGET_BUILD_DIR}/${UNLOCALIZED_RESOURCES_FOLDER_PATH}/DateTools.bundle",
				"${TARGET_BUILD_DIR}/${UNLOCALIZED_RESOURCES_FOLDER_PATH}/MaterialAppBar.bundle",
				"${TARGET_BUILD_DIR}/${UNLOCALIZED_RESOURCES_FOLDER_PATH}/MaterialCollectionCells.bundle",
				"${TARGET_BUILD_DIR}/${UNLOCALIZED_RESOURCES_FOLDER_PATH}/MaterialCollections.bundle",
				"${TARGET_BUILD_DIR}/${UNLOCALIZED_RESOURCES_FOLDER_PATH}/MaterialSnackbar.bundle",
				"${TARGET_BUILD_DIR}/${UNLOCALIZED_RESOURCES_FOLDER_PATH}/MaterialIcons_ic_arrow_back.bundle",
				"${TARGET_BUILD_DIR}/${UNLOCALIZED_RESOURCES_FOLDER_PATH}/MaterialIcons_ic_check.bundle",
				"${TARGET_BUILD_DIR}/${UNLOCALIZED_RESOURCES_FOLDER_PATH}/MaterialIcons_ic_check_circle.bundle",
				"${TARGET_BUILD_DIR}/${UNLOCALIZED_RESOURCES_FOLDER_PATH}/MaterialIcons_ic_chevron_right.bundle",
				"${TARGET_BUILD_DIR}/${UNLOCALIZED_RESOURCES_FOLDER_PATH}/MaterialIcons_ic_info.bundle",
				"${TARGET_BUILD_DIR}/${UNLOCALIZED_RESOURCES_FOLDER_PATH}/MaterialIcons_ic_radio_button_unchecked.bundle",
				"${TARGET_BUILD_DIR}/${UNLOCALIZED_RESOURCES_FOLDER_PATH}/MaterialIcons_ic_reorder.bundle",
				"${TARGET_BUILD_DIR}/${UNLOCALIZED_RESOURCES_FOLDER_PATH}/SVProgressHUD.bundle",
			);
			runOnlyForDeploymentPostprocessing = 0;
			shellPath = /bin/sh;
			shellScript = "\"${SRCROOT}/../Pods/Target Support Files/Pods-dreamwidth/Pods-dreamwidth-resources.sh\"\n";
			showEnvVarsInLog = 0;
		};
		E2EBC0DF2242E47FEF950DC2 /* [CP] Embed Pods Frameworks */ = {
			isa = PBXShellScriptBuildPhase;
			buildActionMask = 2147483647;
			files = (
			);
			inputPaths = (
			);
			name = "[CP] Embed Pods Frameworks";
			outputPaths = (
			);
			runOnlyForDeploymentPostprocessing = 0;
			shellPath = /bin/sh;
			shellScript = "\"${SRCROOT}/../Pods/Target Support Files/Pods-dreamwidth/Pods-dreamwidth-frameworks.sh\"\n";
			showEnvVarsInLog = 0;
		};
/* End PBXShellScriptBuildPhase section */

/* Begin PBXSourcesBuildPhase section */
		D8EA84E41AB1E6BD00B71DC4 /* Sources */ = {
			isa = PBXSourcesBuildPhase;
			buildActionMask = 2147483647;
			files = (
				6302C73D22CB8A9200346552 /* BCHDWEntryDetailController.m in Sources */,
				6332FC201E16B2A100E11A49 /* BCHDWAvatarTableViewController.m in Sources */,
				6332FC0E1E15A8DF00E11A49 /* BCHDWDreamwidthService.m in Sources */,
				6302C75822D36EC600346552 /* BCHDWComposeReplyViewController.m in Sources */,
				6332FC071E1595B200E11A49 /* BCHDWMenuOption.m in Sources */,
				D81603C71D08C28400529654 /* BCHDWUser.m in Sources */,
				6302C74C22D0CC4C00346552 /* NSString+DreamBalloon.m in Sources */,
				6332FC1D1E15CFF600E11A49 /* BCHDWAvatarTableViewCell.m in Sources */,
				6332FBFE1E157F7900E11A49 /* UIViewController+Menu.m in Sources */,
				D81603C01D08B21600529654 /* BCHDWLoginViewController.m in Sources */,
				D8F233D11AB20E4D00F61C25 /* DreamwidthApi.m in Sources */,
				6302C75522D2884600346552 /* BCHDWUserStringHelper.m in Sources */,
				D81603C41D08C11300529654 /* BCHDWAvatar.m in Sources */,
				D81603D01D09E8C400529654 /* BCHDWEntry.m in Sources */,
				6302C74922CD973C00346552 /* BCHDWCommentTableViewCell.m in Sources */,
				D8EA84F11AB1E6BD00B71DC4 /* BCHDWAppDelegate.m in Sources */,
				6302C75222D1264500346552 /* BCHDWEntryContentTableViewCell.m in Sources */,
				D81603CD1D09DFE200529654 /* BCHDWEntryTableViewCell.m in Sources */,
				D81603CA1D09DCC300529654 /* BCHDWEntryListViewController.m in Sources */,
				6302C74322CB92B900346552 /* BCHDWBannerView.m in Sources */,
				D8EA84EE1AB1E6BD00B71DC4 /* main.m in Sources */,
				631FA59422C7AEF400FA83C8 /* Dreamwidth.xcdatamodeld in Sources */,
				6332FC041E1594D300E11A49 /* WSEnum.m in Sources */,
				6332FC111E15AB4100E11A49 /* BCHDWUserTableViewCell.m in Sources */,
				6332FC171E15C30B00E11A49 /* BCHDWProfileTableViewController.m in Sources */,
				6345FCB91E17FBE6004B7B19 /* BCHDWComposeEntryViewController.m in Sources */,
				6332FC0A1E159A8100E11A49 /* BCHDWTheme.m in Sources */,
				631FA59722C8D09C00FA83C8 /* BCHDWComment.m in Sources */,
				6302C75F22D8B4D200346552 /* BCHDWFormData.m in Sources */,
				631FA59D22C8EC3800FA83C8 /* BCHDWEntryHandle.m in Sources */,
				6302C74022CB8E3500346552 /* BCHDWMetaDataTableViewCell.m in Sources */,
				6302C74622CC116500346552 /* BCHDWBackgroundView.m in Sources */,
				631FA59A22C8D18600FA83C8 /* BCHDWPersistenceService.m in Sources */,
				6332FC011E15938200E11A49 /* BCHDWMenuViewController.m in Sources */,
				6332FC1A1E15C49000E11A49 /* BCHDWProfileMainTableViewCell.m in Sources */,
				6302C75C22D7746700346552 /* BCHDWCommentEntryData.m in Sources */,
				6302C74F22D0F13000346552 /* BCHDWHTMLHelper.m in Sources */,
				6332FC141E15BE7F00E11A49 /* BCHDWSimpleTableViewCell.m in Sources */,
			);
			runOnlyForDeploymentPostprocessing = 0;
		};
		D8EA84FD1AB1E6BD00B71DC4 /* Sources */ = {
			isa = PBXSourcesBuildPhase;
			buildActionMask = 2147483647;
			files = (
				D8EA85081AB1E6BD00B71DC4 /* dreamwidthTests.m in Sources */,
			);
			runOnlyForDeploymentPostprocessing = 0;
		};
/* End PBXSourcesBuildPhase section */

/* Begin PBXTargetDependency section */
		D8EA85031AB1E6BD00B71DC4 /* PBXTargetDependency */ = {
			isa = PBXTargetDependency;
			target = D8EA84E71AB1E6BD00B71DC4 /* dreamwidth */;
			targetProxy = D8EA85021AB1E6BD00B71DC4 /* PBXContainerItemProxy */;
		};
/* End PBXTargetDependency section */

/* Begin PBXVariantGroup section */
		D8EA84F51AB1E6BD00B71DC4 /* Main.storyboard */ = {
			isa = PBXVariantGroup;
			children = (
				D8EA84F61AB1E6BD00B71DC4 /* Base */,
			);
			name = Main.storyboard;
			sourceTree = "<group>";
		};
		D8EA84FA1AB1E6BD00B71DC4 /* LaunchScreen.xib */ = {
			isa = PBXVariantGroup;
			children = (
				D8EA84FB1AB1E6BD00B71DC4 /* Base */,
			);
			name = LaunchScreen.xib;
			sourceTree = "<group>";
		};
/* End PBXVariantGroup section */

/* Begin XCBuildConfiguration section */
		D8EA85091AB1E6BD00B71DC4 /* Debug */ = {
			isa = XCBuildConfiguration;
			buildSettings = {
				ALWAYS_SEARCH_USER_PATHS = NO;
				CLANG_CXX_LANGUAGE_STANDARD = "gnu++0x";
				CLANG_CXX_LIBRARY = "libc++";
				CLANG_ENABLE_MODULES = YES;
				CLANG_ENABLE_OBJC_ARC = YES;
				CLANG_WARN_BOOL_CONVERSION = YES;
				CLANG_WARN_CONSTANT_CONVERSION = YES;
				CLANG_WARN_DIRECT_OBJC_ISA_USAGE = YES_ERROR;
				CLANG_WARN_EMPTY_BODY = YES;
				CLANG_WARN_ENUM_CONVERSION = YES;
				CLANG_WARN_INFINITE_RECURSION = YES;
				CLANG_WARN_INT_CONVERSION = YES;
				CLANG_WARN_OBJC_ROOT_CLASS = YES_ERROR;
				CLANG_WARN_SUSPICIOUS_MOVE = YES;
				CLANG_WARN_UNREACHABLE_CODE = YES;
				CLANG_WARN__DUPLICATE_METHOD_MATCH = YES;
				"CODE_SIGN_IDENTITY[sdk=iphoneos*]" = "iPhone Developer";
				COPY_PHASE_STRIP = NO;
				ENABLE_STRICT_OBJC_MSGSEND = YES;
				ENABLE_TESTABILITY = YES;
				GCC_C_LANGUAGE_STANDARD = gnu99;
				GCC_DYNAMIC_NO_PIC = NO;
				GCC_NO_COMMON_BLOCKS = YES;
				GCC_OPTIMIZATION_LEVEL = 0;
				GCC_PREPROCESSOR_DEFINITIONS = (
					"DEBUG=1",
					"$(inherited)",
				);
				GCC_SYMBOLS_PRIVATE_EXTERN = NO;
				GCC_WARN_64_TO_32_BIT_CONVERSION = YES;
				GCC_WARN_ABOUT_RETURN_TYPE = YES_ERROR;
				GCC_WARN_UNDECLARED_SELECTOR = YES;
				GCC_WARN_UNINITIALIZED_AUTOS = YES_AGGRESSIVE;
				GCC_WARN_UNUSED_FUNCTION = YES;
				GCC_WARN_UNUSED_VARIABLE = YES;
				IPHONEOS_DEPLOYMENT_TARGET = 8.2;
				MTL_ENABLE_DEBUG_INFO = YES;
				ONLY_ACTIVE_ARCH = YES;
				SDKROOT = iphoneos;
				TARGETED_DEVICE_FAMILY = "1,2";
			};
			name = Debug;
		};
		D8EA850A1AB1E6BD00B71DC4 /* Release */ = {
			isa = XCBuildConfiguration;
			buildSettings = {
				ALWAYS_SEARCH_USER_PATHS = NO;
				CLANG_CXX_LANGUAGE_STANDARD = "gnu++0x";
				CLANG_CXX_LIBRARY = "libc++";
				CLANG_ENABLE_MODULES = YES;
				CLANG_ENABLE_OBJC_ARC = YES;
				CLANG_WARN_BOOL_CONVERSION = YES;
				CLANG_WARN_CONSTANT_CONVERSION = YES;
				CLANG_WARN_DIRECT_OBJC_ISA_USAGE = YES_ERROR;
				CLANG_WARN_EMPTY_BODY = YES;
				CLANG_WARN_ENUM_CONVERSION = YES;
				CLANG_WARN_INFINITE_RECURSION = YES;
				CLANG_WARN_INT_CONVERSION = YES;
				CLANG_WARN_OBJC_ROOT_CLASS = YES_ERROR;
				CLANG_WARN_SUSPICIOUS_MOVE = YES;
				CLANG_WARN_UNREACHABLE_CODE = YES;
				CLANG_WARN__DUPLICATE_METHOD_MATCH = YES;
				"CODE_SIGN_IDENTITY[sdk=iphoneos*]" = "iPhone Developer";
				COPY_PHASE_STRIP = NO;
				ENABLE_NS_ASSERTIONS = NO;
				ENABLE_STRICT_OBJC_MSGSEND = YES;
				GCC_C_LANGUAGE_STANDARD = gnu99;
				GCC_NO_COMMON_BLOCKS = YES;
				GCC_WARN_64_TO_32_BIT_CONVERSION = YES;
				GCC_WARN_ABOUT_RETURN_TYPE = YES_ERROR;
				GCC_WARN_UNDECLARED_SELECTOR = YES;
				GCC_WARN_UNINITIALIZED_AUTOS = YES_AGGRESSIVE;
				GCC_WARN_UNUSED_FUNCTION = YES;
				GCC_WARN_UNUSED_VARIABLE = YES;
				IPHONEOS_DEPLOYMENT_TARGET = 8.2;
				MTL_ENABLE_DEBUG_INFO = NO;
				SDKROOT = iphoneos;
				TARGETED_DEVICE_FAMILY = "1,2";
				VALIDATE_PRODUCT = YES;
			};
			name = Release;
		};
		D8EA850C1AB1E6BD00B71DC4 /* Debug */ = {
			isa = XCBuildConfiguration;
			baseConfigurationReference = 49AD58356687206523B0ECAB /* Pods-dreamwidth.debug.xcconfig */;
			buildSettings = {
				ASSETCATALOG_COMPILER_APPICON_NAME = AppIcon;
				DEVELOPMENT_TEAM = 8W5A52K7AS;
				INFOPLIST_FILE = dreamwidth/Info.plist;
				IPHONEOS_DEPLOYMENT_TARGET = 10.3;
				LD_RUNPATH_SEARCH_PATHS = "$(inherited) @executable_path/Frameworks";
				PRODUCT_BUNDLE_IDENTIFIER = org.ayizan.dreamballoon;
				PRODUCT_NAME = "$(TARGET_NAME)";
			};
			name = Debug;
		};
		D8EA850D1AB1E6BD00B71DC4 /* Release */ = {
			isa = XCBuildConfiguration;
			baseConfigurationReference = 51BFDFAC6C72A146B79155E1 /* Pods-dreamwidth.release.xcconfig */;
			buildSettings = {
				ASSETCATALOG_COMPILER_APPICON_NAME = AppIcon;
				DEVELOPMENT_TEAM = 8W5A52K7AS;
				INFOPLIST_FILE = dreamwidth/Info.plist;
				IPHONEOS_DEPLOYMENT_TARGET = 10.3;
				LD_RUNPATH_SEARCH_PATHS = "$(inherited) @executable_path/Frameworks";
				PRODUCT_BUNDLE_IDENTIFIER = org.ayizan.dreamballoon;
				PRODUCT_NAME = "$(TARGET_NAME)";
			};
			name = Release;
		};
		D8EA850F1AB1E6BD00B71DC4 /* Debug */ = {
			isa = XCBuildConfiguration;
			buildSettings = {
				BUNDLE_LOADER = "$(TEST_HOST)";
				FRAMEWORK_SEARCH_PATHS = (
					"$(SDKROOT)/Developer/Library/Frameworks",
					"$(inherited)",
				);
				GCC_PREPROCESSOR_DEFINITIONS = (
					"DEBUG=1",
					"$(inherited)",
				);
				INFOPLIST_FILE = dreamwidthTests/Info.plist;
				LD_RUNPATH_SEARCH_PATHS = "$(inherited) @executable_path/Frameworks @loader_path/Frameworks";
				PRODUCT_BUNDLE_IDENTIFIER = "org.ayizan.$(PRODUCT_NAME:rfc1034identifier)";
				PRODUCT_NAME = "$(TARGET_NAME)";
				TEST_HOST = "$(BUILT_PRODUCTS_DIR)/dreamwidth.app/dreamwidth";
			};
			name = Debug;
		};
		D8EA85101AB1E6BD00B71DC4 /* Release */ = {
			isa = XCBuildConfiguration;
			buildSettings = {
				BUNDLE_LOADER = "$(TEST_HOST)";
				FRAMEWORK_SEARCH_PATHS = (
					"$(SDKROOT)/Developer/Library/Frameworks",
					"$(inherited)",
				);
				INFOPLIST_FILE = dreamwidthTests/Info.plist;
				LD_RUNPATH_SEARCH_PATHS = "$(inherited) @executable_path/Frameworks @loader_path/Frameworks";
				PRODUCT_BUNDLE_IDENTIFIER = "org.ayizan.$(PRODUCT_NAME:rfc1034identifier)";
				PRODUCT_NAME = "$(TARGET_NAME)";
				TEST_HOST = "$(BUILT_PRODUCTS_DIR)/dreamwidth.app/dreamwidth";
			};
			name = Release;
		};
/* End XCBuildConfiguration section */

/* Begin XCConfigurationList section */
		D8EA84E31AB1E6BD00B71DC4 /* Build configuration list for PBXProject "dreamwidth" */ = {
			isa = XCConfigurationList;
			buildConfigurations = (
				D8EA85091AB1E6BD00B71DC4 /* Debug */,
				D8EA850A1AB1E6BD00B71DC4 /* Release */,
			);
			defaultConfigurationIsVisible = 0;
			defaultConfigurationName = Release;
		};
		D8EA850B1AB1E6BD00B71DC4 /* Build configuration list for PBXNativeTarget "dreamwidth" */ = {
			isa = XCConfigurationList;
			buildConfigurations = (
				D8EA850C1AB1E6BD00B71DC4 /* Debug */,
				D8EA850D1AB1E6BD00B71DC4 /* Release */,
			);
			defaultConfigurationIsVisible = 0;
			defaultConfigurationName = Release;
		};
		D8EA850E1AB1E6BD00B71DC4 /* Build configuration list for PBXNativeTarget "dreamwidthTests" */ = {
			isa = XCConfigurationList;
			buildConfigurations = (
				D8EA850F1AB1E6BD00B71DC4 /* Debug */,
				D8EA85101AB1E6BD00B71DC4 /* Release */,
			);
			defaultConfigurationIsVisible = 0;
			defaultConfigurationName = Release;
		};
/* End XCConfigurationList section */

/* Begin XCVersionGroup section */
		631FA59222C7AEF400FA83C8 /* Dreamwidth.xcdatamodeld */ = {
			isa = XCVersionGroup;
			children = (
				631FA59322C7AEF400FA83C8 /* Dreamwidth.xcdatamodel */,
			);
			currentVersion = 631FA59322C7AEF400FA83C8 /* Dreamwidth.xcdatamodel */;
			path = Dreamwidth.xcdatamodeld;
			sourceTree = "<group>";
			versionGroupType = wrapper.xcdatamodel;
		};
/* End XCVersionGroup section */
	};
	rootObject = D8EA84E01AB1E6BD00B71DC4 /* Project object */;
}
